
Microsoft Visual Studio Solution File, Format Version 12.00
# Visual Studio Version 16
VisualStudioVersion = 16.0.31129.286
MinimumVisualStudioVersion = 10.0.40219.1
Project("{888888A0-9F3D-457C-B088-3A5042F75D52}") = "Mastermind", "Mastermind.pyproj", "{6089099A-53E9-45C4-9FCD-F13EBA7C9E12}"
EndProject
Global
	GlobalSection(SolutionConfigurationPlatforms) = preSolution
		Debug|Any CPU = Debug|Any CPU
		Release|Any CPU = Release|Any CPU
	EndGlobalSection
	GlobalSection(ProjectConfigurationPlatforms) = postSolution
		{6089099A-53E9-45C4-9FCD-F13EBA7C9E12}.Debug|Any CPU.ActiveCfg = Debug|Any CPU
		{6089099A-53E9-45C4-9FCD-F13EBA7C9E12}.Release|Any CPU.ActiveCfg = Release|Any CPU
	EndGlobalSection
	GlobalSection(SolutionProperties) = preSolution
		HideSolutionNode = FALSE
	EndGlobalSection
	GlobalSection(ExtensibilityGlobals) = postSolution
		SolutionGuid = {E62106E9-0164-4D07-A855-9ED138A50EDA}
	EndGlobalSection
EndGlobal
